
Microsoft Visual Studio Solution File, Format Version 12.00
# Visual Studio Version 16
VisualStudioVersion = 16.0.34407.143
MinimumVisualStudioVersion = 10.0.40219.1
Project("{9A19103F-16F7-4668-BE54-9A1E7A4F7556}") = "WebApp_Studetn_Client_Application", "WebApp_Studetn_Client_Application\WebApp_Studetn_Client_Application.csproj", "{221F28D1-3D90-4C16-BED7-DE398D2F5895}"
EndProject
Global
	GlobalSection(SolutionConfigurationPlatforms) = preSolution
		Debug|Any CPU = Debug|Any CPU
		Release|Any CPU = Release|Any CPU
	EndGlobalSection
	GlobalSection(ProjectConfigurationPlatforms) = postSolution
		{221F28D1-3D90-4C16-BED7-DE398D2F5895}.Debug|Any CPU.ActiveCfg = Debug|Any CPU
		{221F28D1-3D90-4C16-BED7-DE398D2F5895}.Debug|Any CPU.Build.0 = Debug|Any CPU
		{221F28D1-3D90-4C16-BED7-DE398D2F5895}.Release|Any CPU.ActiveCfg = Release|Any CPU
		{221F28D1-3D90-4C16-BED7-DE398D2F5895}.Release|Any CPU.Build.0 = Release|Any CPU
	EndGlobalSection
	GlobalSection(SolutionProperties) = preSolution
		HideSolutionNode = FALSE
	EndGlobalSection
	GlobalSection(ExtensibilityGlobals) = postSolution
		SolutionGuid = {E8236274-39C6-487D-9AAE-4A293D2930D0}
	EndGlobalSection
EndGlobal
